{
  "pins" : [
    {
      "identity" : "swiftuifonticon",
      "kind" : "remoteSourceControl",
      "location" : "https://github.com/huybuidac/SwiftUIFontIcon.git",
      "state" : {
        "revision" : "4f170fbf443d985ae518a14a12ec8194ec6b08eb",
        "version" : "2.1.0"
      }
    },
    {
      "identity" : "symbolpicker",
      "kind" : "remoteSourceControl",
      "location" : "https://github.com/xnth97/SymbolPicker.git",
      "state" : {
        "revision" : "c4b8e7db14256e5d2a603bb2cde6b69a2b142d9b",
        "version" : "1.5.2"
      }
    }
  ],
  "version" : 2
}
